
Microsoft Visual Studio Solution File, Format Version 12.00
# Visual Studio Version 17
VisualStudioVersion = 17.12.35527.113 d17.12
MinimumVisualStudioVersion = 10.0.40219.1
Project("{FAE04EC0-301F-11D3-BF4B-00C04F79EFBC}") = "Eticaret.WebUI", "Eticaret.WebUI\Eticaret.WebUI.csproj", "{994C317E-1BF7-4F24-849C-322A5A0EE249}"
EndProject
Project("{FAE04EC0-301F-11D3-BF4B-00C04F79EFBC}") = "Eticaret.Core", "Eticaret.Core\Eticaret.Core.csproj", "{C9914DD5-B7E0-4BAA-97C0-ECB7520F67A3}"
EndProject
Project("{FAE04EC0-301F-11D3-BF4B-00C04F79EFBC}") = "Eticaret.Data", "Eticaret.Data\Eticaret.Data.csproj", "{690D9E41-1709-4404-9D4B-AEDA8DBA0B2C}"
EndProject
Project("{FAE04EC0-301F-11D3-BF4B-00C04F79EFBC}") = "Eticaret.Service", "Eticaret.Service\Eticaret.Service.csproj", "{EDE8081E-986B-468B-9835-7001E0C187AF}"
EndProject
Global
	GlobalSection(SolutionConfigurationPlatforms) = preSolution
		Debug|Any CPU = Debug|Any CPU
		Release|Any CPU = Release|Any CPU
	EndGlobalSection
	GlobalSection(ProjectConfigurationPlatforms) = postSolution
		{994C317E-1BF7-4F24-849C-322A5A0EE249}.Debug|Any CPU.ActiveCfg = Debug|Any CPU
		{994C317E-1BF7-4F24-849C-322A5A0EE249}.Debug|Any CPU.Build.0 = Debug|Any CPU
		{994C317E-1BF7-4F24-849C-322A5A0EE249}.Release|Any CPU.ActiveCfg = Release|Any CPU
		{994C317E-1BF7-4F24-849C-322A5A0EE249}.Release|Any CPU.Build.0 = Release|Any CPU
		{C9914DD5-B7E0-4BAA-97C0-ECB7520F67A3}.Debug|Any CPU.ActiveCfg = Debug|Any CPU
		{C9914DD5-B7E0-4BAA-97C0-ECB7520F67A3}.Debug|Any CPU.Build.0 = Debug|Any CPU
		{C9914DD5-B7E0-4BAA-97C0-ECB7520F67A3}.Release|Any CPU.ActiveCfg = Release|Any CPU
		{C9914DD5-B7E0-4BAA-97C0-ECB7520F67A3}.Release|Any CPU.Build.0 = Release|Any CPU
		{690D9E41-1709-4404-9D4B-AEDA8DBA0B2C}.Debug|Any CPU.ActiveCfg = Debug|Any CPU
		{690D9E41-1709-4404-9D4B-AEDA8DBA0B2C}.Debug|Any CPU.Build.0 = Debug|Any CPU
		{690D9E41-1709-4404-9D4B-AEDA8DBA0B2C}.Release|Any CPU.ActiveCfg = Release|Any CPU
		{690D9E41-1709-4404-9D4B-AEDA8DBA0B2C}.Release|Any CPU.Build.0 = Release|Any CPU
		{EDE8081E-986B-468B-9835-7001E0C187AF}.Debug|Any CPU.ActiveCfg = Debug|Any CPU
		{EDE8081E-986B-468B-9835-7001E0C187AF}.Debug|Any CPU.Build.0 = Debug|Any CPU
		{EDE8081E-986B-468B-9835-7001E0C187AF}.Release|Any CPU.ActiveCfg = Release|Any CPU
		{EDE8081E-986B-468B-9835-7001E0C187AF}.Release|Any CPU.Build.0 = Release|Any CPU
	EndGlobalSection
	GlobalSection(SolutionProperties) = preSolution
		HideSolutionNode = FALSE
	EndGlobalSection
EndGlobal
